<Solution>
  <Project Path="HotelBooking.Application/HotelBooking.Application.csproj" />
  <Project Path="HotelBooking.Domain/HotelBooking.Domain.csproj" />
  <Project Path="HotelBooking.Infrastructure/HotelBooking.Infrastructure.csproj" />
  <Project Path="TestingDemo/TestingDemo.csproj" />
</Solution>
